
Microsoft Visual Studio Solution File, Format Version 12.00
# Visual Studio Version 17
VisualStudioVersion = 17.10.35122.118
MinimumVisualStudioVersion = 10.0.40219.1
Project("{FAE04EC0-301F-11D3-BF4B-00C04F79EFBC}") = "ADO.NET_HW5", "ADO.NET_HW5\ADO.NET_HW5.csproj", "{865A039F-BE7C-4A19-913D-4368CA51A42B}"
EndProject
Global
	GlobalSection(SolutionConfigurationPlatforms) = preSolution
		Debug|Any CPU = Debug|Any CPU
		Release|Any CPU = Release|Any CPU
	EndGlobalSection
	GlobalSection(ProjectConfigurationPlatforms) = postSolution
		{865A039F-BE7C-4A19-913D-4368CA51A42B}.Debug|Any CPU.ActiveCfg = Debug|Any CPU
		{865A039F-BE7C-4A19-913D-4368CA51A42B}.Debug|Any CPU.Build.0 = Debug|Any CPU
		{865A039F-BE7C-4A19-913D-4368CA51A42B}.Release|Any CPU.ActiveCfg = Release|Any CPU
		{865A039F-BE7C-4A19-913D-4368CA51A42B}.Release|Any CPU.Build.0 = Release|Any CPU
	EndGlobalSection
	GlobalSection(SolutionProperties) = preSolution
		HideSolutionNode = FALSE
	EndGlobalSection
	GlobalSection(ExtensibilityGlobals) = postSolution
		SolutionGuid = {CB353C05-309F-499F-8553-D6DA827BB144}
	EndGlobalSection
EndGlobal
